
Microsoft Visual Studio Solution File, Format Version 12.00
# Visual Studio 2013
VisualStudioVersion = 12.0.21005.1
MinimumVisualStudioVersion = 10.0.40219.1
Project("{E24C65DC-7377-472B-9ABA-BC803B73C61A}") = "WSQuest.Web", "http://localhost:5575", "{06893F3C-54BB-4E21-A6EE-A5BBF06BD08C}"
	ProjectSection(WebsiteProperties) = preProject
		UseIISExpress = "true"
		TargetFrameworkMoniker = ".NETFramework,Version%3Dv4.5"
		Debug.AspNetCompiler.VirtualPath = "/localhost_5575"
		Debug.AspNetCompiler.PhysicalPath = "..\..\..\..\..\..\PROJECTS\MLPractices\Projects\WSQuest\WSQuest.Web\"
		Debug.AspNetCompiler.TargetPath = "PrecompiledWeb\localhost_5575\"
		Debug.AspNetCompiler.Updateable = "true"
		Debug.AspNetCompiler.ForceOverwrite = "true"
		Debug.AspNetCompiler.FixedNames = "false"
		Debug.AspNetCompiler.Debug = "True"
		Release.AspNetCompiler.VirtualPath = "/localhost_5575"
		Release.AspNetCompiler.PhysicalPath = "..\..\..\..\..\..\PROJECTS\MLPractices\Projects\WSQuest\WSQuest.Web\"
		Release.AspNetCompiler.TargetPath = "PrecompiledWeb\localhost_5575\"
		Release.AspNetCompiler.Updateable = "true"
		Release.AspNetCompiler.ForceOverwrite = "true"
		Release.AspNetCompiler.FixedNames = "false"
		Release.AspNetCompiler.Debug = "False"
		SlnRelativePath = "..\..\..\..\..\..\PROJECTS\MLPractices\Projects\WSQuest\WSQuest.Web\"
		DefaultWebSiteLanguage = "Visual C#"
	EndProjectSection
EndProject
Project("{2150E333-8FDC-42A3-9474-1A3956D46DE8}") = ".nuget", ".nuget", "{B383160E-12A9-4E90-A6CF-F42EC900D810}"
	ProjectSection(SolutionItems) = preProject
		.nuget\NuGet.Config = .nuget\NuGet.Config
		.nuget\NuGet.exe = .nuget\NuGet.exe
		.nuget\NuGet.targets = .nuget\NuGet.targets
	EndProjectSection
EndProject
Global
	GlobalSection(SolutionConfigurationPlatforms) = preSolution
		Debug|Any CPU = Debug|Any CPU
	EndGlobalSection
	GlobalSection(ProjectConfigurationPlatforms) = postSolution
		{06893F3C-54BB-4E21-A6EE-A5BBF06BD08C}.Debug|Any CPU.ActiveCfg = Debug|Any CPU
		{06893F3C-54BB-4E21-A6EE-A5BBF06BD08C}.Debug|Any CPU.Build.0 = Debug|Any CPU
	EndGlobalSection
	GlobalSection(SolutionProperties) = preSolution
		HideSolutionNode = FALSE
	EndGlobalSection
EndGlobal
